
Microsoft Visual Studio Solution File, Format Version 12.00
# Visual Studio 15
VisualStudioVersion = 15.0.27703.2035
MinimumVisualStudioVersion = 10.0.40219.1
Project("{FAE04EC0-301F-11D3-BF4B-00C04F79EFBC}") = "CalculatorApp", "CalculatorApp\CalculatorApp.csproj", "{D75A5D0A-A804-43A9-872A-FF191A7FDAC1}"
EndProject
Global
	GlobalSection(SolutionConfigurationPlatforms) = preSolution
		Debug|Any CPU = Debug|Any CPU
		Release|Any CPU = Release|Any CPU
	EndGlobalSection
	GlobalSection(ProjectConfigurationPlatforms) = postSolution
		{D75A5D0A-A804-43A9-872A-FF191A7FDAC1}.Debug|Any CPU.ActiveCfg = Debug|Any CPU
		{D75A5D0A-A804-43A9-872A-FF191A7FDAC1}.Debug|Any CPU.Build.0 = Debug|Any CPU
		{D75A5D0A-A804-43A9-872A-FF191A7FDAC1}.Release|Any CPU.ActiveCfg = Release|Any CPU
		{D75A5D0A-A804-43A9-872A-FF191A7FDAC1}.Release|Any CPU.Build.0 = Release|Any CPU
	EndGlobalSection
	GlobalSection(SolutionProperties) = preSolution
		HideSolutionNode = FALSE
	EndGlobalSection
	GlobalSection(ExtensibilityGlobals) = postSolution
		SolutionGuid = {88AB5F6F-4DD8-4BB5-A3A6-EE4AD0929D17}
	EndGlobalSection
EndGlobal
